<?xml version="1.0" encoding="utf-8"?>
<Project ToolsVersion="4.0" xmlns="http://schemas.microsoft.com/developer/msbuild/2003">
  <ItemGroup>
    <Filter Include="src">
      <UniqueIdentifier>{324416cc-6fe7-4e85-8149-c48f7f0ea716}</UniqueIdentifier>
    </Filter>
    <Filter Include="header">
      <UniqueIdentifier>{9c2e35c5-65ac-42f0-9fb8-2fe7f5cbfe43}</UniqueIdentifier>
    </Filter>
  </ItemGroup>
  <ItemGroup>
    <ClCompile Include="..\..\..\src\rectification\src\main.cpp">
      <Filter>src</Filter>
    </ClCompile>
    <ClCompile Include="..\..\..\src\rectification\src\image_pair.cpp">
      <Filter>src</Filter>
    </ClCompile>
  </ItemGroup>
  <ItemGroup>
    <ClInclude Include="..\..\..\src\rectification\header\image_pair.hpp">
      <Filter>header</Filter>
    </ClInclude>
  </ItemGroup>
</Project>